
Microsoft Visual Studio Solution File, Format Version 12.00
Project("{FAE04EC0-301F-11D3-BF4B-00C04F79EFBC}") = "Beleriand", "Beleriand\Beleriand.csproj", "{4D40C579-03FA-43FB-9150-72FF39D50FD4}"
EndProject
Project("{FAE04EC0-301F-11D3-BF4B-00C04F79EFBC}") = "Beleriand.Console", "Beleriand.Console\Beleriand.Console.csproj", "{46BBD3BE-7C56-4725-BCA1-2C2D9403A4E3}"
EndProject
Project("{FAE04EC0-301F-11D3-BF4B-00C04F79EFBC}") = "Beleriand.WebAPI", "Beleriand.WebAPI\Beleriand.WebAPI.csproj", "{A6F9FB85-A78A-4A30-9A9A-423C021A452B}"
EndProject
Global
	GlobalSection(SolutionConfigurationPlatforms) = preSolution
		Debug|Any CPU = Debug|Any CPU
		Release|Any CPU = Release|Any CPU
	EndGlobalSection
	GlobalSection(ProjectConfigurationPlatforms) = postSolution
		{4D40C579-03FA-43FB-9150-72FF39D50FD4}.Debug|Any CPU.ActiveCfg = Debug|Any CPU
		{4D40C579-03FA-43FB-9150-72FF39D50FD4}.Debug|Any CPU.Build.0 = Debug|Any CPU
		{4D40C579-03FA-43FB-9150-72FF39D50FD4}.Release|Any CPU.ActiveCfg = Release|Any CPU
		{4D40C579-03FA-43FB-9150-72FF39D50FD4}.Release|Any CPU.Build.0 = Release|Any CPU
		{46BBD3BE-7C56-4725-BCA1-2C2D9403A4E3}.Debug|Any CPU.ActiveCfg = Debug|Any CPU
		{46BBD3BE-7C56-4725-BCA1-2C2D9403A4E3}.Debug|Any CPU.Build.0 = Debug|Any CPU
		{46BBD3BE-7C56-4725-BCA1-2C2D9403A4E3}.Release|Any CPU.ActiveCfg = Release|Any CPU
		{46BBD3BE-7C56-4725-BCA1-2C2D9403A4E3}.Release|Any CPU.Build.0 = Release|Any CPU
		{A6F9FB85-A78A-4A30-9A9A-423C021A452B}.Debug|Any CPU.ActiveCfg = Debug|Any CPU
		{A6F9FB85-A78A-4A30-9A9A-423C021A452B}.Debug|Any CPU.Build.0 = Debug|Any CPU
		{A6F9FB85-A78A-4A30-9A9A-423C021A452B}.Release|Any CPU.ActiveCfg = Release|Any CPU
		{A6F9FB85-A78A-4A30-9A9A-423C021A452B}.Release|Any CPU.Build.0 = Release|Any CPU
	EndGlobalSection
EndGlobal
